Microsoft Visual Studio Solution File, Format Version 12.00
# Visual Studio Version 17
VisualStudioVersion = 17.5.2.0
MinimumVisualStudioVersion = 10.0.40219.1
Project("{FAE04EC0-301F-11D3-BF4B-00C04F79EFBC}") = "dbcommunication", "dbcommunication.csproj", "{88D7665E-AEE6-C513-3332-7805D75B4358}"
EndProject
Global
	GlobalSection(SolutionConfigurationPlatforms) = preSolution
		Debug|Any CPU = Debug|Any CPU
		Release|Any CPU = Release|Any CPU
	EndGlobalSection
	GlobalSection(ProjectConfigurationPlatforms) = postSolution
		{88D7665E-AEE6-C513-3332-7805D75B4358}.Debug|Any CPU.ActiveCfg = Debug|Any CPU
		{88D7665E-AEE6-C513-3332-7805D75B4358}.Debug|Any CPU.Build.0 = Debug|Any CPU
		{88D7665E-AEE6-C513-3332-7805D75B4358}.Release|Any CPU.ActiveCfg = Release|Any CPU
		{88D7665E-AEE6-C513-3332-7805D75B4358}.Release|Any CPU.Build.0 = Release|Any CPU
	EndGlobalSection
	GlobalSection(SolutionProperties) = preSolution
		HideSolutionNode = FALSE
	EndGlobalSection
	GlobalSection(ExtensibilityGlobals) = postSolution
		SolutionGuid = {73CB6E1C-D345-4D2B-A49B-0017DDCEB8E2}
	EndGlobalSection
EndGlobal
